// !$*UTF8*$!
{
	archiveVersion = 1;
	classes = {
	};
	objectVersion = 56;
	objects = {

/* Begin PBXBuildFile section */
		14D247432AD4C3AF00B048DB /* SwiftChartsApp.swift in Sources */ = {isa = PBXBuildFile; fileRef = 14D247422AD4C3AF00B048DB /* SwiftChartsApp.swift */; };
		14D247452AD4C3AF00B048DB /* ContentView.swift in Sources */ = {isa = PBXBuildFile; fileRef = 14D247442AD4C3AF00B048DB /* ContentView.swift */; };
		14D247472AD4C3B000B048DB /* Assets.xcassets in Resources */ = {isa = PBXBuildFile; fileRef = 14D247462AD4C3B000B048DB /* Assets.xcassets */; };
		14D2474A2AD4C3B000B048DB /* Preview Assets.xcassets in Resources */ = {isa = PBXBuildFile; fileRef = 14D247492AD4C3B000B048DB /* Preview Assets.xcassets */; };
		14D247512AD4C5DD00B048DB /* StaticChartView.swift in Sources */ = {isa = PBXBuildFile; fileRef = 14D247502AD4C5DD00B048DB /* StaticChartView.swift */; };
		14D247532AD4CDB300B048DB /* DynamicChartView.swift in Sources */ = {isa = PBXBuildFile; fileRef = 14D247522AD4CDB300B048DB /* DynamicChartView.swift */; };
		14D247552AD4D4E400B048DB /* Turtle.swift in Sources */ = {isa = PBXBuildFile; fileRef = 14D247542AD4D4E400B048DB /* Turtle.swift */; };
		14D247572AD4DA1800B048DB /* WeatherData.swift in Sources */ = {isa = PBXBuildFile; fileRef = 14D247562AD4DA1800B048DB /* WeatherData.swift */; };
		14D247592AD4DC3500B048DB /* WeatherDataView.swift in Sources */ = {isa = PBXBuildFile; fileRef = 14D247582AD4DC3500B048DB /* WeatherDataView.swift */; };
		14FA170B2AD60484009505B1 /* ToyShape.swift in Sources */ = {isa = PBXBuildFile; fileRef = 14FA170A2AD60484009505B1 /* ToyShape.swift */; };
		14FA170D2AD6050E009505B1 /* BarChartsView.swift in Sources */ = {isa = PBXBuildFile; fileRef = 14FA170C2AD6050E009505B1 /* BarChartsView.swift */; };
/* End PBXBuildFile section */

/* Begin PBXFileReference section */
		14D2473F2AD4C3AF00B048DB /* SwiftCharts.app */ = {isa = PBXFileReference; explicitFileType = wrapper.application; includeInIndex = 0; path = SwiftCharts.app; sourceTree = BUILT_PRODUCTS_DIR; };
		14D247422AD4C3AF00B048DB /* SwiftChartsApp.swift */ = {isa = PBXFileReference; lastKnownFileType = sourcecode.swift; path = SwiftChartsApp.swift; sourceTree = "<group>"; };
		14D247442AD4C3AF00B048DB /* ContentView.swift */ = {isa = PBXFileReference; lastKnownFileType = sourcecode.swift; path = ContentView.swift; sourceTree = "<group>"; };
		14D247462AD4C3B000B048DB /* Assets.xcassets */ = {isa = PBXFileReference; lastKnownFileType = folder.assetcatalog; path = Assets.xcassets; sourceTree = "<group>"; };
		14D247492AD4C3B000B048DB /* Preview Assets.xcassets */ = {isa = PBXFileReference; lastKnownFileType = folder.assetcatalog; path = "Preview Assets.xcassets"; sourceTree = "<group>"; };
		14D247502AD4C5DD00B048DB /* StaticChartView.swift */ = {isa = PBXFileReference; lastKnownFileType = sourcecode.swift; path = StaticChartView.swift; sourceTree = "<group>"; };
		14D247522AD4CDB300B048DB /* DynamicChartView.swift */ = {isa = PBXFileReference; lastKnownFileType = sourcecode.swift; path = DynamicChartView.swift; sourceTree = "<group>"; };
		14D247542AD4D4E400B048DB /* Turtle.swift */ = {isa = PBXFileReference; lastKnownFileType = sourcecode.swift; path = Turtle.swift; sourceTree = "<group>"; };
		14D247562AD4DA1800B048DB /* WeatherData.swift */ = {isa = PBXFileReference; lastKnownFileType = sourcecode.swift; path = WeatherData.swift; sourceTree = "<group>"; };
		14D247582AD4DC3500B048DB /* WeatherDataView.swift */ = {isa = PBXFileReference; lastKnownFileType = sourcecode.swift; path = WeatherDataView.swift; sourceTree = "<group>"; };
		14FA170A2AD60484009505B1 /* ToyShape.swift */ = {isa = PBXFileReference; lastKnownFileType = sourcecode.swift; path = ToyShape.swift; sourceTree = "<group>"; };
		14FA170C2AD6050E009505B1 /* BarChartsView.swift */ = {isa = PBXFileReference; lastKnownFileType = sourcecode.swift; path = BarChartsView.swift; sourceTree = "<group>"; };
/* End PBXFileReference section */

/* Begin PBXFrameworksBuildPhase section */
		14D2473C2AD4C3AF00B048DB /* Frameworks */ = {
			isa = PBXFrameworksBuildPhase;
			buildActionMask = 2147483647;
			files = (
			);
			runOnlyForDeploymentPostprocessing = 0;
		};
/* End PBXFrameworksBuildPhase section */

/* Begin PBXGroup section */
		14D247362AD4C3AE00B048DB = {
			isa = PBXGroup;
			children = (
				14D247412AD4C3AF00B048DB /* SwiftCharts */,
				14D247402AD4C3AF00B048DB /* Products */,
			);
			sourceTree = "<group>";
		};
		14D247402AD4C3AF00B048DB /* Products */ = {
			isa = PBXGroup;
			children = (
				14D2473F2AD4C3AF00B048DB /* SwiftCharts.app */,
			);
			name = Products;
			sourceTree = "<group>";
		};
		14D247412AD4C3AF00B048DB /* SwiftCharts */ = {
			isa = PBXGroup;
			children = (
				14FA17092AD6046B009505B1 /* Model */,
				14D247422AD4C3AF00B048DB /* SwiftChartsApp.swift */,
				14D247442AD4C3AF00B048DB /* ContentView.swift */,
				14D247502AD4C5DD00B048DB /* StaticChartView.swift */,
				14D247522AD4CDB300B048DB /* DynamicChartView.swift */,
				14D247582AD4DC3500B048DB /* WeatherDataView.swift */,
				14D247462AD4C3B000B048DB /* Assets.xcassets */,
				14D247482AD4C3B000B048DB /* Preview Content */,
				14FA170C2AD6050E009505B1 /* BarChartsView.swift */,
			);
			path = SwiftCharts;
			sourceTree = "<group>";
		};
		14D247482AD4C3B000B048DB /* Preview Content */ = {
			isa = PBXGroup;
			children = (
				14D247492AD4C3B000B048DB /* Preview Assets.xcassets */,
			);
			path = "Preview Content";
			sourceTree = "<group>";
		};
		14FA17092AD6046B009505B1 /* Model */ = {
			isa = PBXGroup;
			children = (
				14D247562AD4DA1800B048DB /* WeatherData.swift */,
				14D247542AD4D4E400B048DB /* Turtle.swift */,
				14FA170A2AD60484009505B1 /* ToyShape.swift */,
			);
			path = Model;
			sourceTree = "<group>";
		};
/* End PBXGroup section */

/* Begin PBXNativeTarget section */
		14D2473E2AD4C3AF00B048DB /* SwiftCharts */ = {
			isa = PBXNativeTarget;
			buildConfigurationList = 14D2474D2AD4C3B000B048DB /* Build configuration list for PBXNativeTarget "SwiftCharts" */;
			buildPhases = (
				14D2473B2AD4C3AF00B048DB /* Sources */,
				14D2473C2AD4C3AF00B048DB /* Frameworks */,
				14D2473D2AD4C3AF00B048DB /* Resources */,
			);
			buildRules = (
			);
			dependencies = (
			);
			name = SwiftCharts;
			productName = SwiftCharts;
			productReference = 14D2473F2AD4C3AF00B048DB /* SwiftCharts.app */;
			productType = "com.apple.product-type.application";
		};
/* End PBXNativeTarget section */

/* Begin PBXProject section */
		14D247372AD4C3AE00B048DB /* Project object */ = {
			isa = PBXProject;
			attributes = {
				BuildIndependentTargetsInParallel = 1;
				LastSwiftUpdateCheck = 1430;
				LastUpgradeCheck = 1430;
				TargetAttributes = {
					14D2473E2AD4C3AF00B048DB = {
						CreatedOnToolsVersion = 14.3.1;
					};
				};
			};
			buildConfigurationList = 14D2473A2AD4C3AE00B048DB /* Build configuration list for PBXProject "SwiftCharts" */;
			compatibilityVersion = "Xcode 14.0";
			developmentRegion = en;
			hasScannedForEncodings = 0;
			knownRegions = (
				en,
				Base,
			);
			mainGroup = 14D247362AD4C3AE00B048DB;
			productRefGroup = 14D247402AD4C3AF00B048DB /* Products */;
			projectDirPath = "";
			projectRoot = "";
			targets = (
				14D2473E2AD4C3AF00B048DB /* SwiftCharts */,
			);
		};
/* End PBXProject section */

/* Begin PBXResourcesBuildPhase section */
		14D2473D2AD4C3AF00B048DB /* Resources */ = {
			isa = PBXResourcesBuildPhase;
			buildActionMask = 2147483647;
			files = (
				14D2474A2AD4C3B000B048DB /* Preview Assets.xcassets in Resources */,
				14D247472AD4C3B000B048DB /* Assets.xcassets in Resources */,
			);
			runOnlyForDeploymentPostprocessing = 0;
		};
/* End PBXResourcesBuildPhase section */

/* Begin PBXSourcesBuildPhase section */
		14D2473B2AD4C3AF00B048DB /* Sources */ = {
			isa = PBXSourcesBuildPhase;
			buildActionMask = 2147483647;
			files = (
				14D247452AD4C3AF00B048DB /* ContentView.swift in Sources */,
				14D247592AD4DC3500B048DB /* WeatherDataView.swift in Sources */,
				14D247552AD4D4E400B048DB /* Turtle.swift in Sources */,
				14FA170D2AD6050E009505B1 /* BarChartsView.swift in Sources */,
				14D247432AD4C3AF00B048DB /* SwiftChartsApp.swift in Sources */,
				14D247512AD4C5DD00B048DB /* StaticChartView.swift in Sources */,
				14D247572AD4DA1800B048DB /* WeatherData.swift in Sources */,
				14FA170B2AD60484009505B1 /* ToyShape.swift in Sources */,
				14D247532AD4CDB300B048DB /* DynamicChartView.swift in Sources */,
			);
			runOnlyForDeploymentPostprocessing = 0;
		};
/* End PBXSourcesBuildPhase section */

/* Begin XCBuildConfiguration section */
		14D2474B2AD4C3B000B048DB /* Debug */ = {
			isa = XCBuildConfiguration;
			buildSettings = {
				ALWAYS_SEARCH_USER_PATHS = NO;
				CLANG_ANALYZER_NONNULL = YES;
				CLANG_ANALYZER_NUMBER_OBJECT_CONVERSION = YES_AGGRESSIVE;
				CLANG_CXX_LANGUAGE_STANDARD = "gnu++20";
				CLANG_ENABLE_MODULES = YES;
				CLANG_ENABLE_OBJC_ARC = YES;
				CLANG_ENABLE_OBJC_WEAK = YES;
				CLANG_WARN_BLOCK_CAPTURE_AUTORELEASING = YES;
				CLANG_WARN_BOOL_CONVERSION = YES;
				CLANG_WARN_COMMA = YES;
				CLANG_WARN_CONSTANT_CONVERSION = YES;
				CLANG_WARN_DEPRECATED_OBJC_IMPLEMENTATIONS = YES;
				CLANG_WARN_DIRECT_OBJC_ISA_USAGE = YES_ERROR;
				CLANG_WARN_DOCUMENTATION_COMMENTS = YES;
				CLANG_WARN_EMPTY_BODY = YES;
				CLANG_WARN_ENUM_CONVERSION = YES;
				CLANG_WARN_INFINITE_RECURSION = YES;
				CLANG_WARN_INT_CONVERSION = YES;
				CLANG_WARN_NON_LITERAL_NULL_CONVERSION = YES;
				CLANG_WARN_OBJC_IMPLICIT_RETAIN_SELF = YES;
				CLANG_WARN_OBJC_LITERAL_CONVERSION = YES;
				CLANG_WARN_OBJC_ROOT_CLASS = YES_ERROR;
				CLANG_WARN_QUOTED_INCLUDE_IN_FRAMEWORK_HEADER = YES;
				CLANG_WARN_RANGE_LOOP_ANALYSIS = YES;
				CLANG_WARN_STRICT_PROTOTYPES = YES;
				CLANG_WARN_SUSPICIOUS_MOVE = YES;
				CLANG_WARN_UNGUARDED_AVAILABILITY = YES_AGGRESSIVE;
				CLANG_WARN_UNREACHABLE_CODE = YES;
				CLANG_WARN__DUPLICATE_METHOD_MATCH = YES;
				COPY_PHASE_STRIP = NO;
				DEBUG_INFORMATION_FORMAT = dwarf;
				ENABLE_STRICT_OBJC_MSGSEND = YES;
				ENABLE_TESTABILITY = YES;
				GCC_C_LANGUAGE_STANDARD = gnu11;
				GCC_DYNAMIC_NO_PIC = NO;
				GCC_NO_COMMON_BLOCKS = YES;
				GCC_OPTIMIZATION_LEVEL = 0;
				GCC_PREPROCESSOR_DEFINITIONS = (
					"DEBUG=1",
					"$(inherited)",
				);
				GCC_WARN_64_TO_32_BIT_CONVERSION = YES;
				GCC_WARN_ABOUT_RETURN_TYPE = YES_ERROR;
				GCC_WARN_UNDECLARED_SELECTOR = YES;
				GCC_WARN_UNINITIALIZED_AUTOS = YES_AGGRESSIVE;
				GCC_WARN_UNUSED_FUNCTION = YES;
				GCC_WARN_UNUSED_VARIABLE = YES;
				IPHONEOS_DEPLOYMENT_TARGET = 16.4;
				MTL_ENABLE_DEBUG_INFO = INCLUDE_SOURCE;
				MTL_FAST_MATH = YES;
				ONLY_ACTIVE_ARCH = YES;
				SDKROOT = iphoneos;
				SWIFT_ACTIVE_COMPILATION_CONDITIONS = DEBUG;
				SWIFT_OPTIMIZATION_LEVEL = "-Onone";
			};
			name = Debug;
		};
		14D2474C2AD4C3B000B048DB /* Release */ = {
			isa = XCBuildConfiguration;
			buildSettings = {
				ALWAYS_SEARCH_USER_PATHS = NO;
				CLANG_ANALYZER_NONNULL = YES;
				CLANG_ANALYZER_NUMBER_OBJECT_CONVERSION = YES_AGGRESSIVE;
				CLANG_CXX_LANGUAGE_STANDARD = "gnu++20";
				CLANG_ENABLE_MODULES = YES;
				CLANG_ENABLE_OBJC_ARC = YES;
				CLANG_ENABLE_OBJC_WEAK = YES;
				CLANG_WARN_BLOCK_CAPTURE_AUTORELEASING = YES;
				CLANG_WARN_BOOL_CONVERSION = YES;
				CLANG_WARN_COMMA = YES;
				CLANG_WARN_CONSTANT_CONVERSION = YES;
				CLANG_WARN_DEPRECATED_OBJC_IMPLEMENTATIONS = YES;
				CLANG_WARN_DIRECT_OBJC_ISA_USAGE = YES_ERROR;
				CLANG_WARN_DOCUMENTATION_COMMENTS = YES;
				CLANG_WARN_EMPTY_BODY = YES;
				CLANG_WARN_ENUM_CONVERSION = YES;
				CLANG_WARN_INFINITE_RECURSION = YES;
				CLANG_WARN_INT_CONVERSION = YES;
				CLANG_WARN_NON_LITERAL_NULL_CONVERSION = YES;
				CLANG_WARN_OBJC_IMPLICIT_RETAIN_SELF = YES;
				CLANG_WARN_OBJC_LITERAL_CONVERSION = YES;
				CLANG_WARN_OBJC_ROOT_CLASS = YES_ERROR;
				CLANG_WARN_QUOTED_INCLUDE_IN_FRAMEWORK_HEADER = YES;
				CLANG_WARN_RANGE_LOOP_ANALYSIS = YES;
				CLANG_WARN_STRICT_PROTOTYPES = YES;
				CLANG_WARN_SUSPICIOUS_MOVE = YES;
				CLANG_WARN_UNGUARDED_AVAILABILITY = YES_AGGRESSIVE;
				CLANG_WARN_UNREACHABLE_CODE = YES;
				CLANG_WARN__DUPLICATE_METHOD_MATCH = YES;
				COPY_PHASE_STRIP = NO;
				DEBUG_INFORMATION_FORMAT = "dwarf-with-dsym";
				ENABLE_NS_ASSERTIONS = NO;
				ENABLE_STRICT_OBJC_MSGSEND = YES;
				GCC_C_LANGUAGE_STANDARD = gnu11;
				GCC_NO_COMMON_BLOCKS = YES;
				GCC_WARN_64_TO_32_BIT_CONVERSION = YES;
				GCC_WARN_ABOUT_RETURN_TYPE = YES_ERROR;
				GCC_WARN_UNDECLARED_SELECTOR = YES;
				GCC_WARN_UNINITIALIZED_AUTOS = YES_AGGRESSIVE;
				GCC_WARN_UNUSED_FUNCTION = YES;
				GCC_WARN_UNUSED_VARIABLE = YES;
				IPHONEOS_DEPLOYMENT_TARGET = 16.4;
				MTL_ENABLE_DEBUG_INFO = NO;
				MTL_FAST_MATH = YES;
				SDKROOT = iphoneos;
				SWIFT_COMPILATION_MODE = wholemodule;
				SWIFT_OPTIMIZATION_LEVEL = "-O";
				VALIDATE_PRODUCT = YES;
			};
			name = Release;
		};
		14D2474E2AD4C3B000B048DB /* Debug */ = {
			isa = XCBuildConfiguration;
			buildSettings = {
				ASSETCATALOG_COMPILER_APPICON_NAME = AppIcon;
				ASSETCATALOG_COMPILER_GLOBAL_ACCENT_COLOR_NAME = AccentColor;
				CODE_SIGN_STYLE = Automatic;
				CURRENT_PROJECT_VERSION = 1;
				DEVELOPMENT_ASSET_PATHS = "\"SwiftCharts/Preview Content\"";
				DEVELOPMENT_TEAM = HB6M77SRWM;
				ENABLE_PREVIEWS = YES;
				GENERATE_INFOPLIST_FILE = YES;
				INFOPLIST_KEY_UIApplicationSceneManifest_Generation = YES;
				INFOPLIST_KEY_UIApplicationSupportsIndirectInputEvents = YES;
				INFOPLIST_KEY_UILaunchScreen_Generation = YES;
				INFOPLIST_KEY_UISupportedInterfaceOrientations_iPad = "UIInterfaceOrientationPortrait UIInterfaceOrientationPortraitUpsideDown UIInterfaceOrientationLandscapeLeft UIInterfaceOrientationLandscapeRight";
				INFOPLIST_KEY_UISupportedInterfaceOrientations_iPhone = "UIInterfaceOrientationPortrait UIInterfaceOrientationLandscapeLeft UIInterfaceOrientationLandscapeRight";
				LD_RUNPATH_SEARCH_PATHS = (
					"$(inherited)",
					"@executable_path/Frameworks",
				);
				MARKETING_VERSION = 1.0;
				PRODUCT_BUNDLE_IDENTIFIER = com.andrewgilliland.SwiftCharts;
				PRODUCT_NAME = "$(TARGET_NAME)";
				SWIFT_EMIT_LOC_STRINGS = YES;
				SWIFT_VERSION = 5.0;
				TARGETED_DEVICE_FAMILY = "1,2";
			};
			name = Debug;
		};
		14D2474F2AD4C3B000B048DB /* Release */ = {
			isa = XCBuildConfiguration;
			buildSettings = {
				ASSETCATALOG_COMPILER_APPICON_NAME = AppIcon;
				ASSETCATALOG_COMPILER_GLOBAL_ACCENT_COLOR_NAME = AccentColor;
				CODE_SIGN_STYLE = Automatic;
				CURRENT_PROJECT_VERSION = 1;
				DEVELOPMENT_ASSET_PATHS = "\"SwiftCharts/Preview Content\"";
				DEVELOPMENT_TEAM = HB6M77SRWM;
				ENABLE_PREVIEWS = YES;
				GENERATE_INFOPLIST_FILE = YES;
				INFOPLIST_KEY_UIApplicationSceneManifest_Generation = YES;
				INFOPLIST_KEY_UIApplicationSupportsIndirectInputEvents = YES;
				INFOPLIST_KEY_UILaunchScreen_Generation = YES;
				INFOPLIST_KEY_UISupportedInterfaceOrientations_iPad = "UIInterfaceOrientationPortrait UIInterfaceOrientationPortraitUpsideDown UIInterfaceOrientationLandscapeLeft UIInterfaceOrientationLandscapeRight";
				INFOPLIST_KEY_UISupportedInterfaceOrientations_iPhone = "UIInterfaceOrientationPortrait UIInterfaceOrientationLandscapeLeft UIInterfaceOrientationLandscapeRight";
				LD_RUNPATH_SEARCH_PATHS = (
					"$(inherited)",
					"@executable_path/Frameworks",
				);
				MARKETING_VERSION = 1.0;
				PRODUCT_BUNDLE_IDENTIFIER = com.andrewgilliland.SwiftCharts;
				PRODUCT_NAME = "$(TARGET_NAME)";
				SWIFT_EMIT_LOC_STRINGS = YES;
				SWIFT_VERSION = 5.0;
				TARGETED_DEVICE_FAMILY = "1,2";
			};
			name = Release;
		};
/* End XCBuildConfiguration section */

/* Begin XCConfigurationList section */
		14D2473A2AD4C3AE00B048DB /* Build configuration list for PBXProject "SwiftCharts" */ = {
			isa = XCConfigurationList;
			buildConfigurations = (
				14D2474B2AD4C3B000B048DB /* Debug */,
				14D2474C2AD4C3B000B048DB /* Release */,
			);
			defaultConfigurationIsVisible = 0;
			defaultConfigurationName = Release;
		};
		14D2474D2AD4C3B000B048DB /* Build configuration list for PBXNativeTarget "SwiftCharts" */ = {
			isa = XCConfigurationList;
			buildConfigurations = (
				14D2474E2AD4C3B000B048DB /* Debug */,
				14D2474F2AD4C3B000B048DB /* Release */,
			);
			defaultConfigurationIsVisible = 0;
			defaultConfigurationName = Release;
		};
/* End XCConfigurationList section */
	};
	rootObject = 14D247372AD4C3AE00B048DB /* Project object */;
}
